Microsoft Visual Studio Solution File, Format Version 12.00
# Visual Studio Version 17
VisualStudioVersion = 17.5.2.0
MinimumVisualStudioVersion = 10.0.40219.1
Project("{FAE04EC0-301F-11D3-BF4B-00C04F79EFBC}") = "ChatMesh.Server.Abstractions", "ChatMesh.Server.Abstractions\ChatMesh.Server.Abstractions.csproj", "{4F742587-9353-D412-610D-44D5EB0652B6}"
EndProject
Project("{FAE04EC0-301F-11D3-BF4B-00C04F79EFBC}") = "ChatMesh.MauiClient", "ChatMesh.MauiClient\ChatMesh.MauiClient.csproj", "{34BD874F-9012-AE81-61F9-3FCC078D16B3}"
EndProject
Project("{FAE04EC0-301F-11D3-BF4B-00C04F79EFBC}") = "ChatMesh.Client", "ChatMesh.Client\ChatMesh.Client.csproj", "{88D58A1B-6240-9270-AA60-09F8C4ACFB9F}"
EndProject
Project("{FAE04EC0-301F-11D3-BF4B-00C04F79EFBC}") = "ChatMesh.Server", "ChatMesh.Server\ChatMesh.Server.csproj", "{32D3F45A-B30B-7E7B-9FB5-934CA29EA44F}"
EndProject
Project("{FAE04EC0-301F-11D3-BF4B-00C04F79EFBC}") = "ChatMesh.Contract", "ChatMesh.Contract\ChatMesh.Contract.csproj", "{F3E8AAAA-EC91-C136-0523-8DB4592DAA6B}"
EndProject
Global
	GlobalSection(SolutionConfigurationPlatforms) = preSolution
		Debug|Any CPU = Debug|Any CPU
		Release|Any CPU = Release|Any CPU
	EndGlobalSection
	GlobalSection(ProjectConfigurationPlatforms) = postSolution
		{4F742587-9353-D412-610D-44D5EB0652B6}.Debug|Any CPU.ActiveCfg = Debug|Any CPU
		{4F742587-9353-D412-610D-44D5EB0652B6}.Debug|Any CPU.Build.0 = Debug|Any CPU
		{4F742587-9353-D412-610D-44D5EB0652B6}.Release|Any CPU.ActiveCfg = Release|Any CPU
		{4F742587-9353-D412-610D-44D5EB0652B6}.Release|Any CPU.Build.0 = Release|Any CPU
		{34BD874F-9012-AE81-61F9-3FCC078D16B3}.Debug|Any CPU.ActiveCfg = Debug|Any CPU
		{34BD874F-9012-AE81-61F9-3FCC078D16B3}.Debug|Any CPU.Build.0 = Debug|Any CPU
		{34BD874F-9012-AE81-61F9-3FCC078D16B3}.Release|Any CPU.ActiveCfg = Release|Any CPU
		{34BD874F-9012-AE81-61F9-3FCC078D16B3}.Release|Any CPU.Build.0 = Release|Any CPU
		{88D58A1B-6240-9270-AA60-09F8C4ACFB9F}.Debug|Any CPU.ActiveCfg = Debug|Any CPU
		{88D58A1B-6240-9270-AA60-09F8C4ACFB9F}.Debug|Any CPU.Build.0 = Debug|Any CPU
		{88D58A1B-6240-9270-AA60-09F8C4ACFB9F}.Release|Any CPU.ActiveCfg = Release|Any CPU
		{88D58A1B-6240-9270-AA60-09F8C4ACFB9F}.Release|Any CPU.Build.0 = Release|Any CPU
		{32D3F45A-B30B-7E7B-9FB5-934CA29EA44F}.Debug|Any CPU.ActiveCfg = Debug|Any CPU
		{32D3F45A-B30B-7E7B-9FB5-934CA29EA44F}.Debug|Any CPU.Build.0 = Debug|Any CPU
		{32D3F45A-B30B-7E7B-9FB5-934CA29EA44F}.Release|Any CPU.ActiveCfg = Release|Any CPU
		{32D3F45A-B30B-7E7B-9FB5-934CA29EA44F}.Release|Any CPU.Build.0 = Release|Any CPU
		{F3E8AAAA-EC91-C136-0523-8DB4592DAA6B}.Debug|Any CPU.ActiveCfg = Debug|Any CPU
		{F3E8AAAA-EC91-C136-0523-8DB4592DAA6B}.Debug|Any CPU.Build.0 = Debug|Any CPU
		{F3E8AAAA-EC91-C136-0523-8DB4592DAA6B}.Release|Any CPU.ActiveCfg = Release|Any CPU
		{F3E8AAAA-EC91-C136-0523-8DB4592DAA6B}.Release|Any CPU.Build.0 = Release|Any CPU
	EndGlobalSection
	GlobalSection(SolutionProperties) = preSolution
		HideSolutionNode = FALSE
	EndGlobalSection
	GlobalSection(ExtensibilityGlobals) = postSolution
		SolutionGuid = {B118257B-D895-4F14-8340-B180B21B76AB}
	EndGlobalSection
EndGlobal
